
Microsoft Visual Studio Solution File, Format Version 12.00
# Visual Studio 15
VisualStudioVersion = 15.0.28307.271
MinimumVisualStudioVersion = 10.0.40219.1
Project("{9A19103F-16F7-4668-BE54-9A1E7A4F7556}") = "Dynatrace.OneAgent.Sdk", "src\Dynatrace.OneAgent.Sdk.csproj", "{9B37EF38-6707-4A3A-8339-A7A469F13B76}"
EndProject
Project("{9A19103F-16F7-4668-BE54-9A1E7A4F7556}") = "Dynatrace.OneAgent.Sdk.Sample", "samples\Dynatrace.OneAgent.Sdk.Sample.csproj", "{AAE8A2D8-1CD2-4402-B492-F22F6C92CA9A}"
EndProject
Project("{9A19103F-16F7-4668-BE54-9A1E7A4F7556}") = "Dynatrace.OneAgent.Sdk.Test", "test\Dynatrace.OneAgent.Sdk.Test.csproj", "{44412AA9-24EF-44C6-8996-2C252FE68851}"
EndProject
Global
	GlobalSection(SolutionConfigurationPlatforms) = preSolution
		Debug|Any CPU = Debug|Any CPU
		Release|Any CPU = Release|Any CPU
	EndGlobalSection
	GlobalSection(ProjectConfigurationPlatforms) = postSolution
		{9B37EF38-6707-4A3A-8339-A7A469F13B76}.Debug|Any CPU.ActiveCfg = Debug|Any CPU
		{9B37EF38-6707-4A3A-8339-A7A469F13B76}.Debug|Any CPU.Build.0 = Debug|Any CPU
		{9B37EF38-6707-4A3A-8339-A7A469F13B76}.Release|Any CPU.ActiveCfg = Release|Any CPU
		{9B37EF38-6707-4A3A-8339-A7A469F13B76}.Release|Any CPU.Build.0 = Release|Any CPU
		{AAE8A2D8-1CD2-4402-B492-F22F6C92CA9A}.Debug|Any CPU.ActiveCfg = Debug|Any CPU
		{AAE8A2D8-1CD2-4402-B492-F22F6C92CA9A}.Debug|Any CPU.Build.0 = Debug|Any CPU
		{AAE8A2D8-1CD2-4402-B492-F22F6C92CA9A}.Release|Any CPU.ActiveCfg = Release|Any CPU
		{AAE8A2D8-1CD2-4402-B492-F22F6C92CA9A}.Release|Any CPU.Build.0 = Release|Any CPU
		{44412AA9-24EF-44C6-8996-2C252FE68851}.Debug|Any CPU.ActiveCfg = Debug|Any CPU
		{44412AA9-24EF-44C6-8996-2C252FE68851}.Debug|Any CPU.Build.0 = Debug|Any CPU
		{44412AA9-24EF-44C6-8996-2C252FE68851}.Release|Any CPU.ActiveCfg = Release|Any CPU
		{44412AA9-24EF-44C6-8996-2C252FE68851}.Release|Any CPU.Build.0 = Release|Any CPU
	EndGlobalSection
	GlobalSection(SolutionProperties) = preSolution
		HideSolutionNode = FALSE
	EndGlobalSection
	GlobalSection(ExtensibilityGlobals) = postSolution
		SolutionGuid = {67E4AA19-53A1-47CB-BB4C-3ABA721F14E2}
	EndGlobalSection
EndGlobal
