
Microsoft Visual Studio Solution File, Format Version 12.00
# Visual Studio 15
VisualStudioVersion = 15.0.27130.2027
MinimumVisualStudioVersion = 10.0.40219.1
Project("{9A19103F-16F7-4668-BE54-9A1E7A4F7556}") = "Dynatrace.OneAgent.Sdk.Sample", "Dynatrace.OneAgent.Sdk.Sample\Dynatrace.OneAgent.Sdk.Sample.csproj", "{B47F5422-23F6-4FDC-8E16-ED41FDD76993}"
EndProject
Global
	GlobalSection(SolutionConfigurationPlatforms) = preSolution
		Debug|Any CPU = Debug|Any CPU
		Release|Any CPU = Release|Any CPU
	EndGlobalSection
	GlobalSection(ProjectConfigurationPlatforms) = postSolution
		{B47F5422-23F6-4FDC-8E16-ED41FDD76993}.Debug|Any CPU.ActiveCfg = Debug|Any CPU
		{B47F5422-23F6-4FDC-8E16-ED41FDD76993}.Debug|Any CPU.Build.0 = Debug|Any CPU
		{B47F5422-23F6-4FDC-8E16-ED41FDD76993}.Release|Any CPU.ActiveCfg = Release|Any CPU
		{B47F5422-23F6-4FDC-8E16-ED41FDD76993}.Release|Any CPU.Build.0 = Release|Any CPU
	EndGlobalSection
	GlobalSection(SolutionProperties) = preSolution
		HideSolutionNode = FALSE
	EndGlobalSection
	GlobalSection(ExtensibilityGlobals) = postSolution
		SolutionGuid = {0E3F7DC6-9C05-41CA-A5A4-E1420CB4A095}
	EndGlobalSection
EndGlobal
